// !$*UTF8*$!
{
	archiveVersion = 1;
	classes = {
	};
	objectVersion = 48;
	objects = {

/* Begin PBXBuildFile section */
		0751782321E5111900209625 /* AppDelegate.swift in Sources */ = {isa = PBXBuildFile; fileRef = 0751782221E5111900209625 /* AppDelegate.swift */; };
		0751782521E5111900209625 /* RenderViewController.swift in Sources */ = {isa = PBXBuildFile; fileRef = 0751782421E5111900209625 /* RenderViewController.swift */; };
		0751782821E5111900209625 /* Main.storyboard in Resources */ = {isa = PBXBuildFile; fileRef = 0751782621E5111900209625 /* Main.storyboard */; };
		0751782A21E5111B00209625 /* Assets.xcassets in Resources */ = {isa = PBXBuildFile; fileRef = 0751782921E5111B00209625 /* Assets.xcassets */; };
		0751782D21E5111B00209625 /* LaunchScreen.storyboard in Resources */ = {isa = PBXBuildFile; fileRef = 0751782B21E5111B00209625 /* LaunchScreen.storyboard */; };
		0751783221E514F700209625 /* Renderer.swift in Sources */ = {isa = PBXBuildFile; fileRef = 0773228121091AB7009027DF /* Renderer.swift */; };
		0751783321E514F700209625 /* Shaders.metal in Sources */ = {isa = PBXBuildFile; fileRef = 0773228321091AE1009027DF /* Shaders.metal */; };
		0751783421E514F700209625 /* Slab.swift in Sources */ = {isa = PBXBuildFile; fileRef = 0773228521091AF3009027DF /* Slab.swift */; };
		0751783521E514F700209625 /* MetalDevice.swift in Sources */ = {isa = PBXBuildFile; fileRef = 0773228721091B04009027DF /* MetalDevice.swift */; };
		0751783621E514F700209625 /* RenderShader.swift in Sources */ = {isa = PBXBuildFile; fileRef = 0773228921091B14009027DF /* RenderShader.swift */; };
		0751783721E514F700209625 /* ComputeShader.swift in Sources */ = {isa = PBXBuildFile; fileRef = 0773228B21091B24009027DF /* ComputeShader.swift */; };
		0751783F21E516A100209625 /* AppDelegate.swift in Sources */ = {isa = PBXBuildFile; fileRef = 0751783E21E516A100209625 /* AppDelegate.swift */; };
		0751784121E516A100209625 /* RenderViewController.swift in Sources */ = {isa = PBXBuildFile; fileRef = 0751784021E516A100209625 /* RenderViewController.swift */; };
		0751784321E516A200209625 /* Assets.xcassets in Resources */ = {isa = PBXBuildFile; fileRef = 0751784221E516A200209625 /* Assets.xcassets */; };
		0751784621E516A200209625 /* Main.storyboard in Resources */ = {isa = PBXBuildFile; fileRef = 0751784421E516A200209625 /* Main.storyboard */; };
		0751784C21E516F700209625 /* Renderer.swift in Sources */ = {isa = PBXBuildFile; fileRef = 0773228121091AB7009027DF /* Renderer.swift */; };
		0751784D21E516F700209625 /* Shaders.metal in Sources */ = {isa = PBXBuildFile; fileRef = 0773228321091AE1009027DF /* Shaders.metal */; };
		0751784E21E516F700209625 /* Slab.swift in Sources */ = {isa = PBXBuildFile; fileRef = 0773228521091AF3009027DF /* Slab.swift */; };
		0751784F21E516F700209625 /* MetalDevice.swift in Sources */ = {isa = PBXBuildFile; fileRef = 0773228721091B04009027DF /* MetalDevice.swift */; };
		0751785021E516F700209625 /* RenderShader.swift in Sources */ = {isa = PBXBuildFile; fileRef = 0773228921091B14009027DF /* RenderShader.swift */; };
		0751785121E516F700209625 /* ComputeShader.swift in Sources */ = {isa = PBXBuildFile; fileRef = 0773228B21091B24009027DF /* ComputeShader.swift */; };
		0773228221091AB7009027DF /* Renderer.swift in Sources */ = {isa = PBXBuildFile; fileRef = 0773228121091AB7009027DF /* Renderer.swift */; };
		0773228421091AE1009027DF /* Shaders.metal in Sources */ = {isa = PBXBuildFile; fileRef = 0773228321091AE1009027DF /* Shaders.metal */; };
		0773228621091AF3009027DF /* Slab.swift in Sources */ = {isa = PBXBuildFile; fileRef = 0773228521091AF3009027DF /* Slab.swift */; };
		0773228821091B04009027DF /* MetalDevice.swift in Sources */ = {isa = PBXBuildFile; fileRef = 0773228721091B04009027DF /* MetalDevice.swift */; };
		0773228A21091B14009027DF /* RenderShader.swift in Sources */ = {isa = PBXBuildFile; fileRef = 0773228921091B14009027DF /* RenderShader.swift */; };
		0773228C21091B24009027DF /* ComputeShader.swift in Sources */ = {isa = PBXBuildFile; fileRef = 0773228B21091B24009027DF /* ComputeShader.swift */; };
		077322A621091C6A009027DF /* AppDelegate.swift in Sources */ = {isa = PBXBuildFile; fileRef = 077322A521091C6A009027DF /* AppDelegate.swift */; };
		077322A821091C6B009027DF /* Assets.xcassets in Resources */ = {isa = PBXBuildFile; fileRef = 077322A721091C6B009027DF /* Assets.xcassets */; };
		077322AB21091C6C009027DF /* MainMenu.xib in Resources */ = {isa = PBXBuildFile; fileRef = 077322A921091C6B009027DF /* MainMenu.xib */; };
		077322B721092B9A009027DF /* Shaders.metal in Sources */ = {isa = PBXBuildFile; fileRef = 0773228321091AE1009027DF /* Shaders.metal */; };
		933C90111FFC70A7004F93BB /* saverView.swift in Sources */ = {isa = PBXBuildFile; fileRef = 933C90101FFC70A7004F93BB /* saverView.swift */; };
		9351508321EF701A000C50B1 /* thumbnail@2x.png in Resources */ = {isa = PBXBuildFile; fileRef = 9351508121EF701A000C50B1 /* thumbnail@2x.png */; };
		9351508421EF701A000C50B1 /* thumbnail.png in Resources */ = {isa = PBXBuildFile; fileRef = 9351508221EF701A000C50B1 /* thumbnail.png */; };
/* End PBXBuildFile section */

/* Begin PBXContainerItemProxy section */
		077322B321091F20009027DF /* PBXContainerItemProxy */ = {
			isa = PBXContainerItemProxy;
			containerPortal = 933671161FFC0E8A007CCCEB /* Project object */;
			proxyType = 1;
			remoteGlobalIDString = 9336711E1FFC0E8A007CCCEB;
			remoteInfo = tetracono;
		};
/* End PBXContainerItemProxy section */

/* Begin PBXFileReference section */
		0751782021E5111900209625 /* Black Whisky iOS.app */ = {isa = PBXFileReference; explicitFileType = wrapper.application; includeInIndex = 0; path = "Black Whisky iOS.app"; sourceTree = BUILT_PRODUCTS_DIR; };
		0751782221E5111900209625 /* AppDelegate.swift */ = {isa = PBXFileReference; lastKnownFileType = sourcecode.swift; path = AppDelegate.swift; sourceTree = "<group>"; };
		0751782421E5111900209625 /* RenderViewController.swift */ = {isa = PBXFileReference; lastKnownFileType = sourcecode.swift; path = RenderViewController.swift; sourceTree = "<group>"; };
		0751782721E5111900209625 /* Base */ = {isa = PBXFileReference; lastKnownFileType = file.storyboard; name = Base; path = Base.lproj/Main.storyboard; sourceTree = "<group>"; };
		0751782921E5111B00209625 /* Assets.xcassets */ = {isa = PBXFileReference; lastKnownFileType = folder.assetcatalog; path = Assets.xcassets; sourceTree = "<group>"; };
		0751782C21E5111B00209625 /* Base */ = {isa = PBXFileReference; lastKnownFileType = file.storyboard; name = Base; path = Base.lproj/LaunchScreen.storyboard; sourceTree = "<group>"; };
		0751782E21E5111B00209625 /* Info.plist */ = {isa = PBXFileReference; lastKnownFileType = text.plist.xml; path = Info.plist; sourceTree = "<group>"; };
		0751783C21E516A100209625 /* Black Whisky MacOS.app */ = {isa = PBXFileReference; explicitFileType = wrapper.application; includeInIndex = 0; path = "Black Whisky MacOS.app"; sourceTree = BUILT_PRODUCTS_DIR; };
		0751783E21E516A100209625 /* AppDelegate.swift */ = {isa = PBXFileReference; lastKnownFileType = sourcecode.swift; path = AppDelegate.swift; sourceTree = "<group>"; };
		0751784021E516A100209625 /* RenderViewController.swift */ = {isa = PBXFileReference; lastKnownFileType = sourcecode.swift; path = RenderViewController.swift; sourceTree = "<group>"; };
		0751784221E516A200209625 /* Assets.xcassets */ = {isa = PBXFileReference; lastKnownFileType = folder.assetcatalog; path = Assets.xcassets; sourceTree = "<group>"; };
		0751784521E516A200209625 /* Base */ = {isa = PBXFileReference; lastKnownFileType = file.storyboard; name = Base; path = Base.lproj/Main.storyboard; sourceTree = "<group>"; };
		0751784721E516A200209625 /* Info.plist */ = {isa = PBXFileReference; lastKnownFileType = text.plist.xml; path = Info.plist; sourceTree = "<group>"; };
		0751784821E516A200209625 /* BlackWhiskeyMacOS.entitlements */ = {isa = PBXFileReference; lastKnownFileType = text.plist.entitlements; path = BlackWhiskeyMacOS.entitlements; sourceTree = "<group>"; };
		0773228121091AB7009027DF /* Renderer.swift */ = {isa = PBXFileReference; lastKnownFileType = sourcecode.swift; path = Renderer.swift; sourceTree = "<group>"; };
		0773228321091AE1009027DF /* Shaders.metal */ = {isa = PBXFileReference; lastKnownFileType = sourcecode.metal; path = Shaders.metal; sourceTree = "<group>"; };
		0773228521091AF3009027DF /* Slab.swift */ = {isa = PBXFileReference; lastKnownFileType = sourcecode.swift; path = Slab.swift; sourceTree = "<group>"; };
		0773228721091B04009027DF /* MetalDevice.swift */ = {isa = PBXFileReference; lastKnownFileType = sourcecode.swift; path = MetalDevice.swift; sourceTree = "<group>"; };
		0773228921091B14009027DF /* RenderShader.swift */ = {isa = PBXFileReference; lastKnownFileType = sourcecode.swift; path = RenderShader.swift; sourceTree = "<group>"; };
		0773228B21091B24009027DF /* ComputeShader.swift */ = {isa = PBXFileReference; lastKnownFileType = sourcecode.swift; path = ComputeShader.swift; sourceTree = "<group>"; };
		077322A321091C6A009027DF /* Runner.app */ = {isa = PBXFileReference; explicitFileType = wrapper.application; includeInIndex = 0; path = Runner.app; sourceTree = BUILT_PRODUCTS_DIR; };
		077322A521091C6A009027DF /* AppDelegate.swift */ = {isa = PBXFileReference; lastKnownFileType = sourcecode.swift; path = AppDelegate.swift; sourceTree = "<group>"; };
		077322A721091C6B009027DF /* Assets.xcassets */ = {isa = PBXFileReference; lastKnownFileType = folder.assetcatalog; path = Assets.xcassets; sourceTree = "<group>"; };
		077322AA21091C6B009027DF /* Base */ = {isa = PBXFileReference; lastKnownFileType = file.xib; name = Base; path = Base.lproj/MainMenu.xib; sourceTree = "<group>"; };
		077322AC21091C6C009027DF /* Info.plist */ = {isa = PBXFileReference; lastKnownFileType = text.plist.xml; path = Info.plist; sourceTree = "<group>"; };
		077322AD21091C6C009027DF /* Runner.entitlements */ = {isa = PBXFileReference; lastKnownFileType = text.plist.entitlements; path = Runner.entitlements; sourceTree = "<group>"; };
		9336711F1FFC0E8A007CCCEB /* Black Whisky.saver */ = {isa = PBXFileReference; explicitFileType = wrapper.cfbundle; includeInIndex = 0; path = "Black Whisky.saver"; sourceTree = BUILT_PRODUCTS_DIR; };
		933671261FFC0E8A007CCCEB /* Info.plist */ = {isa = PBXFileReference; lastKnownFileType = text.plist.xml; path = Info.plist; sourceTree = "<group>"; };
		933C90101FFC70A7004F93BB /* saverView.swift */ = {isa = PBXFileReference; lastKnownFileType = sourcecode.swift; path = saverView.swift; sourceTree = "<group>"; };
		9351508121EF701A000C50B1 /* thumbnail@2x.png */ = {isa = PBXFileReference; lastKnownFileType = image.png; path = "thumbnail@2x.png"; sourceTree = "<group>"; };
		9351508221EF701A000C50B1 /* thumbnail.png */ = {isa = PBXFileReference; lastKnownFileType = image.png; path = thumbnail.png; sourceTree = "<group>"; };
/* End PBXFileReference section */

/* Begin PBXFrameworksBuildPhase section */
		0751781D21E5111900209625 /* Frameworks */ = {
			isa = PBXFrameworksBuildPhase;
			buildActionMask = 2147483647;
			files = (
			);
			runOnlyForDeploymentPostprocessing = 0;
		};
		0751783921E516A100209625 /* Frameworks */ = {
			isa = PBXFrameworksBuildPhase;
			buildActionMask = 2147483647;
			files = (
			);
			runOnlyForDeploymentPostprocessing = 0;
		};
		077322A021091C6A009027DF /* Frameworks */ = {
			isa = PBXFrameworksBuildPhase;
			buildActionMask = 2147483647;
			files = (
			);
			runOnlyForDeploymentPostprocessing = 0;
		};
		9336711B1FFC0E8A007CCCEB /* Frameworks */ = {
			isa = PBXFrameworksBuildPhase;
			buildActionMask = 2147483647;
			files = (
			);
			runOnlyForDeploymentPostprocessing = 0;
		};
/* End PBXFrameworksBuildPhase section */

/* Begin PBXGroup section */
		0751782121E5111900209625 /* Black Whisky iOS */ = {
			isa = PBXGroup;
			children = (
				0751782221E5111900209625 /* AppDelegate.swift */,
				0751782421E5111900209625 /* RenderViewController.swift */,
				0751782621E5111900209625 /* Main.storyboard */,
				0751782921E5111B00209625 /* Assets.xcassets */,
				0751782B21E5111B00209625 /* LaunchScreen.storyboard */,
				0751782E21E5111B00209625 /* Info.plist */,
			);
			path = "Black Whisky iOS";
			sourceTree = "<group>";
		};
		0751783D21E516A100209625 /* Black Whisky MacOS */ = {
			isa = PBXGroup;
			children = (
				0751783E21E516A100209625 /* AppDelegate.swift */,
				0751784021E516A100209625 /* RenderViewController.swift */,
				0751784221E516A200209625 /* Assets.xcassets */,
				0751784421E516A200209625 /* Main.storyboard */,
				0751784721E516A200209625 /* Info.plist */,
				0751784821E516A200209625 /* BlackWhiskeyMacOS.entitlements */,
			);
			path = "Black Whisky MacOS";
			sourceTree = "<group>";
		};
		077322A421091C6A009027DF /* Runner */ = {
			isa = PBXGroup;
			children = (
				077322A521091C6A009027DF /* AppDelegate.swift */,
				077322A721091C6B009027DF /* Assets.xcassets */,
				077322A921091C6B009027DF /* MainMenu.xib */,
				077322AC21091C6C009027DF /* Info.plist */,
				077322AD21091C6C009027DF /* Runner.entitlements */,
			);
			path = Runner;
			sourceTree = "<group>";
		};
		933671151FFC0E8A007CCCEB = {
			isa = PBXGroup;
			children = (
				0773228121091AB7009027DF /* Renderer.swift */,
				0773228321091AE1009027DF /* Shaders.metal */,
				0773228521091AF3009027DF /* Slab.swift */,
				0773228721091B04009027DF /* MetalDevice.swift */,
				0773228921091B14009027DF /* RenderShader.swift */,
				0773228B21091B24009027DF /* ComputeShader.swift */,
				933671211FFC0E8A007CCCEB /* Black Whisky */,
				077322A421091C6A009027DF /* Runner */,
				0751782121E5111900209625 /* Black Whisky iOS */,
				0751783D21E516A100209625 /* Black Whisky MacOS */,
				9351508021EF6FF2000C50B1 /* Resources */,
				933671201FFC0E8A007CCCEB /* Products */,
			);
			sourceTree = "<group>";
		};
		933671201FFC0E8A007CCCEB /* Products */ = {
			isa = PBXGroup;
			children = (
				9336711F1FFC0E8A007CCCEB /* Black Whisky.saver */,
				077322A321091C6A009027DF /* Runner.app */,
				0751782021E5111900209625 /* Black Whisky iOS.app */,
				0751783C21E516A100209625 /* Black Whisky MacOS.app */,
			);
			name = Products;
			sourceTree = "<group>";
		};
		933671211FFC0E8A007CCCEB /* Black Whisky */ = {
			isa = PBXGroup;
			children = (
				933C90101FFC70A7004F93BB /* saverView.swift */,
				933671261FFC0E8A007CCCEB /* Info.plist */,
			);
			path = "Black Whisky";
			sourceTree = "<group>";
		};
		9351508021EF6FF2000C50B1 /* Resources */ = {
			isa = PBXGroup;
			children = (
				9351508221EF701A000C50B1 /* thumbnail.png */,
				9351508121EF701A000C50B1 /* thumbnail@2x.png */,
			);
			path = Resources;
			sourceTree = "<group>";
		};
/* End PBXGroup section */

/* Begin PBXHeadersBuildPhase section */
		9336711C1FFC0E8A007CCCEB /* Headers */ = {
			isa = PBXHeadersBuildPhase;
			buildActionMask = 2147483647;
			files = (
			);
			runOnlyForDeploymentPostprocessing = 0;
		};
/* End PBXHeadersBuildPhase section */

/* Begin PBXNativeTarget section */
		0751781F21E5111900209625 /* Black Whisky iOS */ = {
			isa = PBXNativeTarget;
			buildConfigurationList = 0751782F21E5111B00209625 /* Build configuration list for PBXNativeTarget "Black Whisky iOS" */;
			buildPhases = (
				0751781C21E5111900209625 /* Sources */,
				0751781D21E5111900209625 /* Frameworks */,
				0751781E21E5111900209625 /* Resources */,
			);
			buildRules = (
			);
			dependencies = (
			);
			name = "Black Whisky iOS";
			productName = BlackWhiskey;
			productReference = 0751782021E5111900209625 /* Black Whisky iOS.app */;
			productType = "com.apple.product-type.application";
		};
		0751783B21E516A100209625 /* Black Whisky MacOS */ = {
			isa = PBXNativeTarget;
			buildConfigurationList = 0751784921E516A200209625 /* Build configuration list for PBXNativeTarget "Black Whisky MacOS" */;
			buildPhases = (
				0751783821E516A100209625 /* Sources */,
				0751783921E516A100209625 /* Frameworks */,
				0751783A21E516A100209625 /* Resources */,
			);
			buildRules = (
			);
			dependencies = (
			);
			name = "Black Whisky MacOS";
			productName = BlackWhiskeyMacOS;
			productReference = 0751783C21E516A100209625 /* Black Whisky MacOS.app */;
			productType = "com.apple.product-type.application";
		};
		077322A221091C6A009027DF /* Runner */ = {
			isa = PBXNativeTarget;
			buildConfigurationList = 077322AE21091C6C009027DF /* Build configuration list for PBXNativeTarget "Runner" */;
			buildPhases = (
				0773229F21091C6A009027DF /* Sources */,
				077322A021091C6A009027DF /* Frameworks */,
				077322A121091C6A009027DF /* Resources */,
			);
			buildRules = (
			);
			dependencies = (
				077322B421091F20009027DF /* PBXTargetDependency */,
			);
			name = Runner;
			productName = Runner;
			productReference = 077322A321091C6A009027DF /* Runner.app */;
			productType = "com.apple.product-type.application";
		};
		9336711E1FFC0E8A007CCCEB /* Black Whisky */ = {
			isa = PBXNativeTarget;
			buildConfigurationList = 933671291FFC0E8A007CCCEB /* Build configuration list for PBXNativeTarget "Black Whisky" */;
			buildPhases = (
				9336711A1FFC0E8A007CCCEB /* Sources */,
				9336711B1FFC0E8A007CCCEB /* Frameworks */,
				9336711C1FFC0E8A007CCCEB /* Headers */,
				9336711D1FFC0E8A007CCCEB /* Resources */,
			);
			buildRules = (
			);
			dependencies = (
			);
			name = "Black Whisky";
			productName = tetracono;
			productReference = 9336711F1FFC0E8A007CCCEB /* Black Whisky.saver */;
			productType = "com.apple.product-type.bundle";
		};
/* End PBXNativeTarget section */

/* Begin PBXProject section */
		933671161FFC0E8A007CCCEB /* Project object */ = {
			isa = PBXProject;
			attributes = {
				LastSwiftUpdateCheck = 1010;
				LastUpgradeCheck = 0940;
				ORGANIZATIONNAME = "O-R-G inc.";
				TargetAttributes = {
					0751781F21E5111900209625 = {
						CreatedOnToolsVersion = 10.1;
						ProvisioningStyle = Automatic;
					};
					0751783B21E516A100209625 = {
						CreatedOnToolsVersion = 10.1;
						ProvisioningStyle = Automatic;
					};
					077322A221091C6A009027DF = {
						CreatedOnToolsVersion = 9.4.1;
						ProvisioningStyle = Automatic;
						SystemCapabilities = {
							com.apple.Sandbox = {
								enabled = 0;
							};
						};
					};
					9336711E1FFC0E8A007CCCEB = {
						CreatedOnToolsVersion = 9.2;
						LastSwiftMigration = 0920;
						ProvisioningStyle = Automatic;
					};
				};
			};
			buildConfigurationList = 933671191FFC0E8A007CCCEB /* Build configuration list for PBXProject "Black Whisky" */;
			compatibilityVersion = "Xcode 8.0";
			developmentRegion = en;
			hasScannedForEncodings = 0;
			knownRegions = (
				en,
				Base,
			);
			mainGroup = 933671151FFC0E8A007CCCEB;
			productRefGroup = 933671201FFC0E8A007CCCEB /* Products */;
			projectDirPath = "";
			projectRoot = "";
			targets = (
				9336711E1FFC0E8A007CCCEB /* Black Whisky */,
				077322A221091C6A009027DF /* Runner */,
				0751781F21E5111900209625 /* Black Whisky iOS */,
				0751783B21E516A100209625 /* Black Whisky MacOS */,
			);
		};
/* End PBXProject section */

/* Begin PBXResourcesBuildPhase section */
		0751781E21E5111900209625 /* Resources */ = {
			isa = PBXResourcesBuildPhase;
			buildActionMask = 2147483647;
			files = (
				0751782D21E5111B00209625 /* LaunchScreen.storyboard in Resources */,
				0751782A21E5111B00209625 /* Assets.xcassets in Resources */,
				0751782821E5111900209625 /* Main.storyboard in Resources */,
			);
			runOnlyForDeploymentPostprocessing = 0;
		};
		0751783A21E516A100209625 /* Resources */ = {
			isa = PBXResourcesBuildPhase;
			buildActionMask = 2147483647;
			files = (
				0751784321E516A200209625 /* Assets.xcassets in Resources */,
				0751784621E516A200209625 /* Main.storyboard in Resources */,
			);
			runOnlyForDeploymentPostprocessing = 0;
		};
		077322A121091C6A009027DF /* Resources */ = {
			isa = PBXResourcesBuildPhase;
			buildActionMask = 2147483647;
			files = (
				077322A821091C6B009027DF /* Assets.xcassets in Resources */,
				077322AB21091C6C009027DF /* MainMenu.xib in Resources */,
			);
			runOnlyForDeploymentPostprocessing = 0;
		};
		9336711D1FFC0E8A007CCCEB /* Resources */ = {
			isa = PBXResourcesBuildPhase;
			buildActionMask = 2147483647;
			files = (
				9351508421EF701A000C50B1 /* thumbnail.png in Resources */,
				9351508321EF701A000C50B1 /* thumbnail@2x.png in Resources */,
			);
			runOnlyForDeploymentPostprocessing = 0;
		};
/* End PBXResourcesBuildPhase section */

/* Begin PBXSourcesBuildPhase section */
		0751781C21E5111900209625 /* Sources */ = {
			isa = PBXSourcesBuildPhase;
			buildActionMask = 2147483647;
			files = (
				0751783221E514F700209625 /* Renderer.swift in Sources */,
				0751783321E514F700209625 /* Shaders.metal in Sources */,
				0751783421E514F700209625 /* Slab.swift in Sources */,
				0751783521E514F700209625 /* MetalDevice.swift in Sources */,
				0751783621E514F700209625 /* RenderShader.swift in Sources */,
				0751783721E514F700209625 /* ComputeShader.swift in Sources */,
				0751782521E5111900209625 /* RenderViewController.swift in Sources */,
				0751782321E5111900209625 /* AppDelegate.swift in Sources */,
			);
			runOnlyForDeploymentPostprocessing = 0;
		};
		0751783821E516A100209625 /* Sources */ = {
			isa = PBXSourcesBuildPhase;
			buildActionMask = 2147483647;
			files = (
				0751784C21E516F700209625 /* Renderer.swift in Sources */,
				0751784D21E516F700209625 /* Shaders.metal in Sources */,
				0751784E21E516F700209625 /* Slab.swift in Sources */,
				0751784F21E516F700209625 /* MetalDevice.swift in Sources */,
				0751785021E516F700209625 /* RenderShader.swift in Sources */,
				0751785121E516F700209625 /* ComputeShader.swift in Sources */,
				0751784121E516A100209625 /* RenderViewController.swift in Sources */,
				0751783F21E516A100209625 /* AppDelegate.swift in Sources */,
			);
			runOnlyForDeploymentPostprocessing = 0;
		};
		0773229F21091C6A009027DF /* Sources */ = {
			isa = PBXSourcesBuildPhase;
			buildActionMask = 2147483647;
			files = (
				077322B721092B9A009027DF /* Shaders.metal in Sources */,
				077322A621091C6A009027DF /* AppDelegate.swift in Sources */,
			);
			runOnlyForDeploymentPostprocessing = 0;
		};
		9336711A1FFC0E8A007CCCEB /* Sources */ = {
			isa = PBXSourcesBuildPhase;
			buildActionMask = 2147483647;
			files = (
				0773228421091AE1009027DF /* Shaders.metal in Sources */,
				0773228821091B04009027DF /* MetalDevice.swift in Sources */,
				0773228221091AB7009027DF /* Renderer.swift in Sources */,
				0773228C21091B24009027DF /* ComputeShader.swift in Sources */,
				0773228A21091B14009027DF /* RenderShader.swift in Sources */,
				933C90111FFC70A7004F93BB /* saverView.swift in Sources */,
				0773228621091AF3009027DF /* Slab.swift in Sources */,
			);
			runOnlyForDeploymentPostprocessing = 0;
		};
/* End PBXSourcesBuildPhase section */

/* Begin PBXTargetDependency section */
		077322B421091F20009027DF /* PBXTargetDependency */ = {
			isa = PBXTargetDependency;
			target = 9336711E1FFC0E8A007CCCEB /* Black Whisky */;
			targetProxy = 077322B321091F20009027DF /* PBXContainerItemProxy */;
		};
/* End PBXTargetDependency section */

/* Begin PBXVariantGroup section */
		0751782621E5111900209625 /* Main.storyboard */ = {
			isa = PBXVariantGroup;
			children = (
				0751782721E5111900209625 /* Base */,
			);
			name = Main.storyboard;
			sourceTree = "<group>";
		};
		0751782B21E5111B00209625 /* LaunchScreen.storyboard */ = {
			isa = PBXVariantGroup;
			children = (
				0751782C21E5111B00209625 /* Base */,
			);
			name = LaunchScreen.storyboard;
			sourceTree = "<group>";
		};
		0751784421E516A200209625 /* Main.storyboard */ = {
			isa = PBXVariantGroup;
			children = (
				0751784521E516A200209625 /* Base */,
			);
			name = Main.storyboard;
			sourceTree = "<group>";
		};
		077322A921091C6B009027DF /* MainMenu.xib */ = {
			isa = PBXVariantGroup;
			children = (
				077322AA21091C6B009027DF /* Base */,
			);
			name = MainMenu.xib;
			sourceTree = "<group>";
		};
/* End PBXVariantGroup section */

/* Begin XCBuildConfiguration section */
		0751783021E5111B00209625 /* Debug */ = {
			isa = XCBuildConfiguration;
			buildSettings = {
				ASSETCATALOG_COMPILER_APPICON_NAME = AppIcon;
				CLANG_ENABLE_OBJC_WEAK = YES;
				CODE_SIGN_IDENTITY = "iPhone Developer";
				CODE_SIGN_STYLE = Automatic;
				DEVELOPMENT_TEAM = 2T5W462SEL;
				INFOPLIST_FILE = "Black Whisky iOS/Info.plist";
				IPHONEOS_DEPLOYMENT_TARGET = 10.0;
				LD_RUNPATH_SEARCH_PATHS = "$(inherited) @executable_path/Frameworks";
				MTL_ENABLE_DEBUG_INFO = INCLUDE_SOURCE;
				MTL_FAST_MATH = YES;
				PRODUCT_BUNDLE_IDENTIFIER = "com.o-r-g.BlackWhiskyiOS";
				PRODUCT_NAME = "$(TARGET_NAME)";
				SDKROOT = iphoneos;
				SWIFT_ACTIVE_COMPILATION_CONDITIONS = DEBUG;
				SWIFT_OPTIMIZATION_LEVEL = "-Onone";
				SWIFT_VERSION = 4.2;
				TARGETED_DEVICE_FAMILY = "1,2";
			};
			name = Debug;
		};
		0751783121E5111B00209625 /* Release */ = {
			isa = XCBuildConfiguration;
			buildSettings = {
				ASSETCATALOG_COMPILER_APPICON_NAME = AppIcon;
				CLANG_ENABLE_OBJC_WEAK = YES;
				CODE_SIGN_IDENTITY = "iPhone Developer";
				CODE_SIGN_STYLE = Automatic;
				DEVELOPMENT_TEAM = 2T5W462SEL;
				INFOPLIST_FILE = "Black Whisky iOS/Info.plist";
				IPHONEOS_DEPLOYMENT_TARGET = 10.0;
				LD_RUNPATH_SEARCH_PATHS = "$(inherited) @executable_path/Frameworks";
				MTL_FAST_MATH = YES;
				PRODUCT_BUNDLE_IDENTIFIER = "com.o-r-g.BlackWhiskyiOS";
				PRODUCT_NAME = "$(TARGET_NAME)";
				SDKROOT = iphoneos;
				SWIFT_OPTIMIZATION_LEVEL = "-O";
				SWIFT_VERSION = 4.2;
				TARGETED_DEVICE_FAMILY = "1,2";
				VALIDATE_PRODUCT = YES;
			};
			name = Release;
		};
		0751784A21E516A200209625 /* Debug */ = {
			isa = XCBuildConfiguration;
			buildSettings = {
				ASSETCATALOG_COMPILER_APPICON_NAME = AppIcon;
				CLANG_ENABLE_OBJC_WEAK = YES;
				CODE_SIGN_ENTITLEMENTS = "Black Whisky MacOS/BlackWhiskeyMacOS.entitlements";
				CODE_SIGN_STYLE = Automatic;
				COMBINE_HIDPI_IMAGES = YES;
				DEVELOPMENT_TEAM = 2T5W462SEL;
				INFOPLIST_FILE = BlackWhiskeyMacOS/Info.plist;
				LD_RUNPATH_SEARCH_PATHS = "$(inherited) @executable_path/../Frameworks";
				MACOSX_DEPLOYMENT_TARGET = 10.14;
				MTL_ENABLE_DEBUG_INFO = INCLUDE_SOURCE;
				MTL_FAST_MATH = YES;
				PRODUCT_BUNDLE_IDENTIFIER = "com.o-r-g.BlackWhiskyMacOS";
				PRODUCT_NAME = "$(TARGET_NAME)";
				SWIFT_ACTIVE_COMPILATION_CONDITIONS = DEBUG;
				SWIFT_OPTIMIZATION_LEVEL = "-Onone";
				SWIFT_VERSION = 4.2;
			};
			name = Debug;
		};
		0751784B21E516A200209625 /* Release */ = {
			isa = XCBuildConfiguration;
			buildSettings = {
				ASSETCATALOG_COMPILER_APPICON_NAME = AppIcon;
				CLANG_ENABLE_OBJC_WEAK = YES;
				CODE_SIGN_ENTITLEMENTS = "Black Whisky MacOS/BlackWhiskeyMacOS.entitlements";
				CODE_SIGN_STYLE = Automatic;
				COMBINE_HIDPI_IMAGES = YES;
				DEVELOPMENT_TEAM = 2T5W462SEL;
				INFOPLIST_FILE = BlackWhiskeyMacOS/Info.plist;
				LD_RUNPATH_SEARCH_PATHS = "$(inherited) @executable_path/../Frameworks";
				MACOSX_DEPLOYMENT_TARGET = 10.14;
				MTL_FAST_MATH = YES;
				PRODUCT_BUNDLE_IDENTIFIER = "com.o-r-g.BlackWhiskyMacOS";
				PRODUCT_NAME = "$(TARGET_NAME)";
				SWIFT_OPTIMIZATION_LEVEL = "-O";
				SWIFT_VERSION = 4.2;
			};
			name = Release;
		};
		077322AF21091C6C009027DF /* Debug */ = {
			isa = XCBuildConfiguration;
			buildSettings = {
				ASSETCATALOG_COMPILER_APPICON_NAME = AppIcon;
				CLANG_ENABLE_OBJC_WEAK = YES;
				CLANG_WARN_DEPRECATED_OBJC_IMPLEMENTATIONS = YES;
				CLANG_WARN_OBJC_IMPLICIT_RETAIN_SELF = YES;
				CODE_SIGN_IDENTITY = "-";
				CODE_SIGN_STYLE = Automatic;
				COMBINE_HIDPI_IMAGES = YES;
				DEVELOPMENT_TEAM = 2T5W462SEL;
				INFOPLIST_FILE = Runner/Info.plist;
				LD_RUNPATH_SEARCH_PATHS = "$(inherited) @executable_path/../Frameworks";
				PRODUCT_BUNDLE_IDENTIFIER = "com.o-r-g.Runner";
				PRODUCT_NAME = "$(TARGET_NAME)";
				SWIFT_ACTIVE_COMPILATION_CONDITIONS = DEBUG;
				SWIFT_OPTIMIZATION_LEVEL = "-Onone";
				SWIFT_VERSION = 4.0;
			};
			name = Debug;
		};
		077322B021091C6C009027DF /* Release */ = {
			isa = XCBuildConfiguration;
			buildSettings = {
				ASSETCATALOG_COMPILER_APPICON_NAME = AppIcon;
				CLANG_ENABLE_OBJC_WEAK = YES;
				CLANG_WARN_DEPRECATED_OBJC_IMPLEMENTATIONS = YES;
				CLANG_WARN_OBJC_IMPLICIT_RETAIN_SELF = YES;
				CODE_SIGN_IDENTITY = "-";
				CODE_SIGN_STYLE = Automatic;
				COMBINE_HIDPI_IMAGES = YES;
				DEVELOPMENT_TEAM = 2T5W462SEL;
				INFOPLIST_FILE = Runner/Info.plist;
				LD_RUNPATH_SEARCH_PATHS = "$(inherited) @executable_path/../Frameworks";
				PRODUCT_BUNDLE_IDENTIFIER = "com.o-r-g.Runner";
				PRODUCT_NAME = "$(TARGET_NAME)";
				SWIFT_OPTIMIZATION_LEVEL = "-Owholemodule";
				SWIFT_VERSION = 4.0;
			};
			name = Release;
		};
		933671271FFC0E8A007CCCEB /* Debug */ = {
			isa = XCBuildConfiguration;
			buildSettings = {
				ALWAYS_EMBED_SWIFT_STANDARD_LIBRARIES = YES;
				ALWAYS_SEARCH_USER_PATHS = NO;
				CLANG_ANALYZER_NONNULL = YES;
				CLANG_ANALYZER_NUMBER_OBJECT_CONVERSION = YES_AGGRESSIVE;
				CLANG_CXX_LANGUAGE_STANDARD = "gnu++14";
				CLANG_CXX_LIBRARY = "libc++";
				CLANG_ENABLE_MODULES = YES;
				CLANG_ENABLE_OBJC_ARC = YES;
				CLANG_WARN_BLOCK_CAPTURE_AUTORELEASING = YES;
				CLANG_WARN_BOOL_CONVERSION = YES;
				CLANG_WARN_COMMA = YES;
				CLANG_WARN_CONSTANT_CONVERSION = YES;
				CLANG_WARN_DEPRECATED_OBJC_IMPLEMENTATIONS = YES;
				CLANG_WARN_DIRECT_OBJC_ISA_USAGE = YES_ERROR;
				CLANG_WARN_DOCUMENTATION_COMMENTS = YES;
				CLANG_WARN_EMPTY_BODY = YES;
				CLANG_WARN_ENUM_CONVERSION = YES;
				CLANG_WARN_INFINITE_RECURSION = YES;
				CLANG_WARN_INT_CONVERSION = YES;
				CLANG_WARN_NON_LITERAL_NULL_CONVERSION = YES;
				CLANG_WARN_OBJC_IMPLICIT_RETAIN_SELF = YES;
				CLANG_WARN_OBJC_LITERAL_CONVERSION = YES;
				CLANG_WARN_OBJC_ROOT_CLASS = YES_ERROR;
				CLANG_WARN_RANGE_LOOP_ANALYSIS = YES;
				CLANG_WARN_STRICT_PROTOTYPES = YES;
				CLANG_WARN_SUSPICIOUS_MOVE = YES;
				CLANG_WARN_UNGUARDED_AVAILABILITY = YES_AGGRESSIVE;
				CLANG_WARN_UNREACHABLE_CODE = YES;
				CLANG_WARN__DUPLICATE_METHOD_MATCH = YES;
				CODE_SIGN_IDENTITY = "Mac Developer";
				COPY_PHASE_STRIP = NO;
				DEBUG_INFORMATION_FORMAT = dwarf;
				ENABLE_STRICT_OBJC_MSGSEND = YES;
				ENABLE_TESTABILITY = YES;
				GCC_C_LANGUAGE_STANDARD = gnu11;
				GCC_DYNAMIC_NO_PIC = NO;
				GCC_NO_COMMON_BLOCKS = YES;
				GCC_OPTIMIZATION_LEVEL = 0;
				GCC_PREPROCESSOR_DEFINITIONS = (
					"DEBUG=1",
					"$(inherited)",
				);
				GCC_WARN_64_TO_32_BIT_CONVERSION = YES;
				GCC_WARN_ABOUT_RETURN_TYPE = YES_ERROR;
				GCC_WARN_UNDECLARED_SELECTOR = YES;
				GCC_WARN_UNINITIALIZED_AUTOS = YES_AGGRESSIVE;
				GCC_WARN_UNUSED_FUNCTION = YES;
				GCC_WARN_UNUSED_VARIABLE = YES;
				MACOSX_DEPLOYMENT_TARGET = 10.13;
				MTL_ENABLE_DEBUG_INFO = YES;
				ONLY_ACTIVE_ARCH = YES;
				SDKROOT = macosx;
			};
			name = Debug;
		};
		933671281FFC0E8A007CCCEB /* Release */ = {
			isa = XCBuildConfiguration;
			buildSettings = {
				ALWAYS_EMBED_SWIFT_STANDARD_LIBRARIES = YES;
				ALWAYS_SEARCH_USER_PATHS = NO;
				CLANG_ANALYZER_NONNULL = YES;
				CLANG_ANALYZER_NUMBER_OBJECT_CONVERSION = YES_AGGRESSIVE;
				CLANG_CXX_LANGUAGE_STANDARD = "gnu++14";
				CLANG_CXX_LIBRARY = "libc++";
				CLANG_ENABLE_MODULES = YES;
				CLANG_ENABLE_OBJC_ARC = YES;
				CLANG_WARN_BLOCK_CAPTURE_AUTORELEASING = YES;
				CLANG_WARN_BOOL_CONVERSION = YES;
				CLANG_WARN_COMMA = YES;
				CLANG_WARN_CONSTANT_CONVERSION = YES;
				CLANG_WARN_DEPRECATED_OBJC_IMPLEMENTATIONS = YES;
				CLANG_WARN_DIRECT_OBJC_ISA_USAGE = YES_ERROR;
				CLANG_WARN_DOCUMENTATION_COMMENTS = YES;
				CLANG_WARN_EMPTY_BODY = YES;
				CLANG_WARN_ENUM_CONVERSION = YES;
				CLANG_WARN_INFINITE_RECURSION = YES;
				CLANG_WARN_INT_CONVERSION = YES;
				CLANG_WARN_NON_LITERAL_NULL_CONVERSION = YES;
				CLANG_WARN_OBJC_IMPLICIT_RETAIN_SELF = YES;
				CLANG_WARN_OBJC_LITERAL_CONVERSION = YES;
				CLANG_WARN_OBJC_ROOT_CLASS = YES_ERROR;
				CLANG_WARN_RANGE_LOOP_ANALYSIS = YES;
				CLANG_WARN_STRICT_PROTOTYPES = YES;
				CLANG_WARN_SUSPICIOUS_MOVE = YES;
				CLANG_WARN_UNGUARDED_AVAILABILITY = YES_AGGRESSIVE;
				CLANG_WARN_UNREACHABLE_CODE = YES;
				CLANG_WARN__DUPLICATE_METHOD_MATCH = YES;
				CODE_SIGN_IDENTITY = "Mac Developer";
				COPY_PHASE_STRIP = NO;
				DEBUG_INFORMATION_FORMAT = "dwarf-with-dsym";
				ENABLE_NS_ASSERTIONS = NO;
				ENABLE_STRICT_OBJC_MSGSEND = YES;
				GCC_C_LANGUAGE_STANDARD = gnu11;
				GCC_NO_COMMON_BLOCKS = YES;
				GCC_WARN_64_TO_32_BIT_CONVERSION = YES;
				GCC_WARN_ABOUT_RETURN_TYPE = YES_ERROR;
				GCC_WARN_UNDECLARED_SELECTOR = YES;
				GCC_WARN_UNINITIALIZED_AUTOS = YES_AGGRESSIVE;
				GCC_WARN_UNUSED_FUNCTION = YES;
				GCC_WARN_UNUSED_VARIABLE = YES;
				MACOSX_DEPLOYMENT_TARGET = 10.13;
				MTL_ENABLE_DEBUG_INFO = NO;
				SDKROOT = macosx;
				SWIFT_COMPILATION_MODE = wholemodule;
			};
			name = Release;
		};
		9336712A1FFC0E8A007CCCEB /* Debug */ = {
			isa = XCBuildConfiguration;
			buildSettings = {
				ALWAYS_EMBED_SWIFT_STANDARD_LIBRARIES = YES;
				CLANG_ENABLE_MODULES = YES;
				CODE_SIGN_STYLE = Automatic;
				COMBINE_HIDPI_IMAGES = YES;
				DEVELOPMENT_TEAM = 2T5W462SEL;
				INFOPLIST_FILE = "$(SRCROOT)/Black Whisky/Info.plist";
				INSTALL_PATH = "$(HOME)/Library/Screen Savers";
				LD_RUNPATH_SEARCH_PATHS = "$(inherited) @executable_path/../Frameworks @loader_path/../Frameworks";
				PRODUCT_BUNDLE_IDENTIFIER = "com.o-r-g.Black-Whisky";
				PRODUCT_NAME = "$(TARGET_NAME)";
				SWIFT_OPTIMIZATION_LEVEL = "-Onone";
				SWIFT_VERSION = 4.2;
				WRAPPER_EXTENSION = saver;
			};
			name = Debug;
		};
		9336712B1FFC0E8A007CCCEB /* Release */ = {
			isa = XCBuildConfiguration;
			buildSettings = {
				ALWAYS_EMBED_SWIFT_STANDARD_LIBRARIES = YES;
				CLANG_ENABLE_MODULES = YES;
				CODE_SIGN_STYLE = Automatic;
				COMBINE_HIDPI_IMAGES = YES;
				DEVELOPMENT_TEAM = 2T5W462SEL;
				INFOPLIST_FILE = "$(SRCROOT)/Black Whisky/Info.plist";
				INSTALL_PATH = "$(HOME)/Library/Screen Savers";
				LD_RUNPATH_SEARCH_PATHS = "$(inherited) @executable_path/../Frameworks @loader_path/../Frameworks";
				PRODUCT_BUNDLE_IDENTIFIER = "com.o-r-g.Black-Whisky";
				PRODUCT_NAME = "$(TARGET_NAME)";
				SWIFT_VERSION = 4.2;
				WRAPPER_EXTENSION = saver;
			};
			name = Release;
		};
/* End XCBuildConfiguration section */

/* Begin XCConfigurationList section */
		0751782F21E5111B00209625 /* Build configuration list for PBXNativeTarget "Black Whisky iOS" */ = {
			isa = XCConfigurationList;
			buildConfigurations = (
				0751783021E5111B00209625 /* Debug */,
				0751783121E5111B00209625 /* Release */,
			);
			defaultConfigurationIsVisible = 0;
			defaultConfigurationName = Release;
		};
		0751784921E516A200209625 /* Build configuration list for PBXNativeTarget "Black Whisky MacOS" */ = {
			isa = XCConfigurationList;
			buildConfigurations = (
				0751784A21E516A200209625 /* Debug */,
				0751784B21E516A200209625 /* Release */,
			);
			defaultConfigurationIsVisible = 0;
			defaultConfigurationName = Release;
		};
		077322AE21091C6C009027DF /* Build configuration list for PBXNativeTarget "Runner" */ = {
			isa = XCConfigurationList;
			buildConfigurations = (
				077322AF21091C6C009027DF /* Debug */,
				077322B021091C6C009027DF /* Release */,
			);
			defaultConfigurationIsVisible = 0;
			defaultConfigurationName = Release;
		};
		933671191FFC0E8A007CCCEB /* Build configuration list for PBXProject "Black Whisky" */ = {
			isa = XCConfigurationList;
			buildConfigurations = (
				933671271FFC0E8A007CCCEB /* Debug */,
				933671281FFC0E8A007CCCEB /* Release */,
			);
			defaultConfigurationIsVisible = 0;
			defaultConfigurationName = Release;
		};
		933671291FFC0E8A007CCCEB /* Build configuration list for PBXNativeTarget "Black Whisky" */ = {
			isa = XCConfigurationList;
			buildConfigurations = (
				9336712A1FFC0E8A007CCCEB /* Debug */,
				9336712B1FFC0E8A007CCCEB /* Release */,
			);
			defaultConfigurationIsVisible = 0;
			defaultConfigurationName = Release;
		};
/* End XCConfigurationList section */
	};
	rootObject = 933671161FFC0E8A007CCCEB /* Project object */;
}
